# THIS IS AN AUTOGENERATED FILE. DO NOT EDIT THIS FILE DIRECTLY.
# yarn lockfile v1


"@types/k6@*":
  version "2.0.0"
  resolved "https://registry.yarnpkg.com/@types/k6/-/k6-2.0.0.tgz#193522b7716812a1b2037ee55b2457cbc8a55108"
  integrity sha512-ztO2fVOAQxtCpF6VWTn8O6FW6Z4DpjhY+XvD2GpCe/+fAfekD45bQ+vrM0B0C0c5ajLpVgWTMlLu9dKZ1nI+wg==

k6@*:
  version "0.0.0"
  resolved "https://registry.yarnpkg.com/k6/-/k6-0.0.0.tgz#8c923200be0a68c578e8f5a32be96b1d8065cc3b"
  integrity sha512-GAQSWayS2+LjbH5bkRi+pMPYyP1JSp7o+4j58ANZ762N/RH/SdlAT3CHHztnn8s/xgg8kYNM24Gd2IPo9b5W+g==
